speakeasyVersion: 1.556.2
sources:
    -OAS:
        sourceNamespace: openapi
        sourceRevisionDigest: sha256:89ee649481e09f914f6efa578106f54e6d79741ad6481ef70895189fd1c64412
        sourceBlobDigest: sha256:28a378100fa9fd70e2a53cd139ae0b1e30f52679dd2348f43acd2d7f50e18e8d
        tags:
            - latest
    openapi:
        sourceNamespace: openapi
        sourceRevisionDigest: sha256:9f453a0ed2d532e5939c6a0c480b944a743153a615e389cc3c0b0ac8451ea2fa
        sourceBlobDigest: sha256:0d636c48b27d36bcf41dfb8d3178df7ca3be2bd8d34f960b0800f777dd125bf3
        tags:
            - latest
            - speakeasy-sdk-regen-1749154292
            - 1.0.0
targets:
    csharp:
        source: openapi
        sourceNamespace: openapi
        sourceRevisionDigest: sha256:9f453a0ed2d532e5939c6a0c480b944a743153a615e389cc3c0b0ac8451ea2fa
        sourceBlobDigest: sha256:0d636c48b27d36bcf41dfb8d3178df7ca3be2bd8d34f960b0800f777dd125bf3
        codeSamplesNamespace: openapi-csharp-code-samples
        codeSamplesRevisionDigest: sha256:f491652ce1fcf10c5cc04c64d03187ade8dd2f852ce2daca930fe2042b1566ba
workflow:
    workflowVersion: 1.0.0
    speakeasyVersion: latest
    sources:
        openapi:
            inputs:
                - location: https://gr4vy.github.io/gr4vy-openapi/core/openapi.json
            overlays:
                - location: ./.speakeasy/overlays/servers.yaml
                - location: ./.speakeasy/overlays/security.yaml
                - location: ./.speakeasy/overlays/enums.yaml
                - location: ./.speakeasy/overlays/retries.yaml
                - location: ./.speakeasy/overlays/mid-global.yaml
                - location: ./.speakeasy/overlays/fix-base-model.yaml
                - location: ./.speakeasy/overlays/fix-checkout-session-body.yaml
                - location: ./.speakeasy/overlays/fix-remove-unwanted-headers.yaml
            registry:
                location: registry.speakeasyapi.dev/gr4vy/gr4vy/openapi
    targets:
        csharp:
            target: csharp
            source: openapi
            publish:
                nuget:
                    apiKey: $nuget_api_key
            codeSamples:
                registry:
                    location: registry.speakeasyapi.dev/gr4vy/gr4vy/openapi-csharp-code-samples
                labelOverride:
                    fixedValue: C#
                blocking: false
