speakeasyVersion: 1.761.11
sources:
    -OAS:
        sourceNamespace: openapi
        sourceRevisionDigest: sha256:89ee649481e09f914f6efa578106f54e6d79741ad6481ef70895189fd1c64412
        sourceBlobDigest: sha256:28a378100fa9fd70e2a53cd139ae0b1e30f52679dd2348f43acd2d7f50e18e8d
        tags:
            - latest
    openapi:
        sourceNamespace: openapi
        sourceRevisionDigest: sha256:06f4255b17b9fef0dc1fca2414a0db258a385e2ecc11ef2979025fef48dde37d
        sourceBlobDigest: sha256:93752134249e763c246ab494610a1fffee4058e5f62e9c1eea3f391c954363d9
        tags:
            - latest
            - 1.0.0
targets:
    csharp:
        source: openapi
        sourceNamespace: openapi
        sourceRevisionDigest: sha256:06f4255b17b9fef0dc1fca2414a0db258a385e2ecc11ef2979025fef48dde37d
        sourceBlobDigest: sha256:93752134249e763c246ab494610a1fffee4058e5f62e9c1eea3f391c954363d9
        codeSamplesNamespace: openapi-csharp-code-samples
        codeSamplesRevisionDigest: sha256:a12884138d80fe3ea20354f220f804632ef1082c10ec8ea05c807a1596d09218
workflow:
    workflowVersion: 1.0.0
    speakeasyVersion: latest
    sources:
        openapi:
            inputs:
                - location: https://gr4vy.github.io/openapi/core/openapi.json
            overlays:
                - location: ./.speakeasy/overlays/servers.yaml
                - location: ./.speakeasy/overlays/security.yaml
                - location: ./.speakeasy/overlays/enums.yaml
                - location: ./.speakeasy/overlays/retries.yaml
                - location: ./.speakeasy/overlays/mid-global.yaml
                - location: ./.speakeasy/overlays/fix-base-model.yaml
                - location: ./.speakeasy/overlays/fix-checkout-session-body.yaml
                - location: ./.speakeasy/overlays/fix-remove-unwanted-headers.yaml
                - location: ./.speakeasy/overlays/fix-add-x-forwarded-for-header.yaml
            registry:
                location: registry.speakeasyapi.dev/gr4vy/gr4vy/openapi
    targets:
        csharp:
            target: csharp
            source: openapi
            publish:
                nuget:
                    apiKey: $nuget_api_key
            codeSamples:
                registry:
                    location: registry.speakeasyapi.dev/gr4vy/gr4vy/openapi-csharp-code-samples
                labelOverride:
                    fixedValue: C#
                blocking: false
