speakeasyVersion: 1.577.0
sources:
    -OAS:
        sourceNamespace: openapi
        sourceRevisionDigest: sha256:89ee649481e09f914f6efa578106f54e6d79741ad6481ef70895189fd1c64412
        sourceBlobDigest: sha256:28a378100fa9fd70e2a53cd139ae0b1e30f52679dd2348f43acd2d7f50e18e8d
        tags:
            - latest
    openapi:
        sourceNamespace: openapi
        sourceRevisionDigest: sha256:fdebe6f2b00c438c93c4d8f187a5ad65dcd7966a9641e00d9b790b2a5878d412
        sourceBlobDigest: sha256:75ba885563af719ab8c513241811294f2a0195ceec3e83902d74a44ced47b4e4
        tags:
            - latest
            - speakeasy-sdk-regen-1751970604
            - 1.0.0
targets:
    csharp:
        source: openapi
        sourceNamespace: openapi
        sourceRevisionDigest: sha256:fdebe6f2b00c438c93c4d8f187a5ad65dcd7966a9641e00d9b790b2a5878d412
        sourceBlobDigest: sha256:75ba885563af719ab8c513241811294f2a0195ceec3e83902d74a44ced47b4e4
        codeSamplesNamespace: openapi-csharp-code-samples
        codeSamplesRevisionDigest: sha256:4e7257828c7d30c285a4ff5b190c466e6fb984cbc44593f7df9a69a608854b93
workflow:
    workflowVersion: 1.0.0
    speakeasyVersion: latest
    sources:
        openapi:
            inputs:
                - location: https://gr4vy.github.io/openapi/core/openapi.json
            overlays:
                - location: ./.speakeasy/overlays/servers.yaml
                - location: ./.speakeasy/overlays/security.yaml
                - location: ./.speakeasy/overlays/enums.yaml
                - location: ./.speakeasy/overlays/retries.yaml
                - location: ./.speakeasy/overlays/mid-global.yaml
                - location: ./.speakeasy/overlays/fix-base-model.yaml
                - location: ./.speakeasy/overlays/fix-checkout-session-body.yaml
                - location: ./.speakeasy/overlays/fix-remove-unwanted-headers.yaml
                - location: ./.speakeasy/overlays/fix-add-x-forwarded-for-header.yaml
            registry:
                location: registry.speakeasyapi.dev/gr4vy/gr4vy/openapi
    targets:
        csharp:
            target: csharp
            source: openapi
            publish:
                nuget:
                    apiKey: $nuget_api_key
            codeSamples:
                registry:
                    location: registry.speakeasyapi.dev/gr4vy/gr4vy/openapi-csharp-code-samples
                labelOverride:
                    fixedValue: C#
                blocking: false
